// !$*UTF8*$!
{
	archiveVersion = 1;
	classes = {
	};
	objectVersion = 46;
	objects = {

/* Begin PBXBuildFile section */
		A933EDA61AEA6F4600A70FA2 /* back.png in Resources */ = {isa = PBXBuildFile; fileRef = A933ED9F1AEA6F4600A70FA2 /* back.png */; };
		A933EDA71AEA6F4600A70FA2 /* home.png in Resources */ = {isa = PBXBuildFile; fileRef = A933EDA01AEA6F4600A70FA2 /* home.png */; };
		A933EDA81AEA6F4600A70FA2 /* image.jpg in Resources */ = {isa = PBXBuildFile; fileRef = A933EDA11AEA6F4600A70FA2 /* image.jpg */; };
		A933EDA91AEA6F4600A70FA2 /* logo.png in Resources */ = {isa = PBXBuildFile; fileRef = A933EDA21AEA6F4600A70FA2 /* logo.png */; };
		A933EDAA1AEA6F4600A70FA2 /* menu.png in Resources */ = {isa = PBXBuildFile; fileRef = A933EDA31AEA6F4600A70FA2 /* menu.png */; };
		A933EDAB1AEA6F4600A70FA2 /* profile.png in Resources */ = {isa = PBXBuildFile; fileRef = A933EDA41AEA6F4600A70FA2 /* profile.png */; };
		A933EDAC1AEA6F4600A70FA2 /* setting.png in Resources */ = {isa = PBXBuildFile; fileRef = A933EDA51AEA6F4600A70FA2 /* setting.png */; };
		A933EDCC1AEA7A2E00A70FA2 /* HomeViewController.swift in Sources */ = {isa = PBXBuildFile; fileRef = A933EDC81AEA7A2E00A70FA2 /* HomeViewController.swift */; };
		A933EDCD1AEA7A2E00A70FA2 /* MenuController.swift in Sources */ = {isa = PBXBuildFile; fileRef = A933EDC91AEA7A2E00A70FA2 /* MenuController.swift */; };
		A933EDCE1AEA7A2E00A70FA2 /* PhotoViewController.swift in Sources */ = {isa = PBXBuildFile; fileRef = A933EDCA1AEA7A2E00A70FA2 /* PhotoViewController.swift */; };
		A933EDCF1AEA7A2E00A70FA2 /* ProfileViewController.swift in Sources */ = {isa = PBXBuildFile; fileRef = A933EDCB1AEA7A2E00A70FA2 /* ProfileViewController.swift */; };
		A933EDD11AEA7A3500A70FA2 /* ViewController.swift in Sources */ = {isa = PBXBuildFile; fileRef = A933EDD01AEA7A3500A70FA2 /* ViewController.swift */; };
		A933EDD61AEA7A6400A70FA2 /* SWRevealViewController.m in Sources */ = {isa = PBXBuildFile; fileRef = A933EDD51AEA7A6400A70FA2 /* SWRevealViewController.m */; };
		A950D0321AE7938E00710AAE /* AppDelegate.swift in Sources */ = {isa = PBXBuildFile; fileRef = A950D0311AE7938E00710AAE /* AppDelegate.swift */; };
		A950D0341AE7938E00710AAE /* FirstViewController.swift in Sources */ = {isa = PBXBuildFile; fileRef = A950D0331AE7938E00710AAE /* FirstViewController.swift */; };
		A950D0361AE7938E00710AAE /* SecondViewController.swift in Sources */ = {isa = PBXBuildFile; fileRef = A950D0351AE7938E00710AAE /* SecondViewController.swift */; };
		A950D0391AE7938E00710AAE /* Main.storyboard in Resources */ = {isa = PBXBuildFile; fileRef = A950D0371AE7938E00710AAE /* Main.storyboard */; };
		A950D03E1AE7938E00710AAE /* LaunchScreen.xib in Resources */ = {isa = PBXBuildFile; fileRef = A950D03C1AE7938E00710AAE /* LaunchScreen.xib */; };
		A950D04A1AE7938F00710AAE /* CaTinderTests.swift in Sources */ = {isa = PBXBuildFile; fileRef = A950D0491AE7938F00710AAE /* CaTinderTests.swift */; };
		A950D0531AE7C2D300710AAE /* Images.xcassets in Resources */ = {isa = PBXBuildFile; fileRef = A950D03A1AE7938E00710AAE /* Images.xcassets */; };
		A97EFCE91AE8FCB90030582C /* FBSDKCoreKit.framework in Frameworks */ = {isa = PBXBuildFile; fileRef = A97EFCE81AE8FCB90030582C /* FBSDKCoreKit.framework */; };
		A97EFCF11AE91D0F0030582C /* FBSDKLoginKit.framework in Frameworks */ = {isa = PBXBuildFile; fileRef = A97EFCF01AE91D0F0030582C /* FBSDKLoginKit.framework */; };
/* End PBXBuildFile section */

/* Begin PBXContainerItemProxy section */
		A950D0441AE7938F00710AAE /* PBXContainerItemProxy */ = {
			isa = PBXContainerItemProxy;
			containerPortal = A950D0241AE7938E00710AAE /* Project object */;
			proxyType = 1;
			remoteGlobalIDString = A950D02B1AE7938E00710AAE;
			remoteInfo = CaTinder;
		};
/* End PBXContainerItemProxy section */

/* Begin PBXFileReference section */
		A933ED9F1AEA6F4600A70FA2 /* back.png */ = {isa = PBXFileReference; lastKnownFileType = image.png; name = back.png; path = "../Hama/Archive/SidebarMenu/Images.xcassets/Archive (1)/back.png"; sourceTree = "<group>"; };
		A933EDA01AEA6F4600A70FA2 /* home.png */ = {isa = PBXFileReference; lastKnownFileType = image.png; name = home.png; path = "../Hama/Archive/SidebarMenu/Images.xcassets/Archive (1)/home.png"; sourceTree = "<group>"; };
		A933EDA11AEA6F4600A70FA2 /* image.jpg */ = {isa = PBXFileReference; lastKnownFileType = image.jpeg; name = image.jpg; path = "../Hama/Archive/SidebarMenu/Images.xcassets/Archive (1)/image.jpg"; sourceTree = "<group>"; };
		A933EDA21AEA6F4600A70FA2 /* logo.png */ = {isa = PBXFileReference; lastKnownFileType = image.png; name = logo.png; path = "../Hama/Archive/SidebarMenu/Images.xcassets/Archive (1)/logo.png"; sourceTree = "<group>"; };
		A933EDA31AEA6F4600A70FA2 /* menu.png */ = {isa = PBXFileReference; lastKnownFileType = image.png; name = menu.png; path = "../Hama/Archive/SidebarMenu/Images.xcassets/Archive (1)/menu.png"; sourceTree = "<group>"; };
		A933EDA41AEA6F4600A70FA2 /* profile.png */ = {isa = PBXFileReference; lastKnownFileType = image.png; name = profile.png; path = "../Hama/Archive/SidebarMenu/Images.xcassets/Archive (1)/profile.png"; sourceTree = "<group>"; };
		A933EDA51AEA6F4600A70FA2 /* setting.png */ = {isa = PBXFileReference; lastKnownFileType = image.png; name = setting.png; path = "../Hama/Archive/SidebarMenu/Images.xcassets/Archive (1)/setting.png"; sourceTree = "<group>"; };
		A933EDC81AEA7A2E00A70FA2 /* HomeViewController.swift */ = {isa = PBXFileReference; fileEncoding = 4; lastKnownFileType = sourcecode.swift; name = HomeViewController.swift; path = ../Hama/Archive/SidebarMenu/HomeViewController.swift; sourceTree = "<group>"; };
		A933EDC91AEA7A2E00A70FA2 /* MenuController.swift */ = {isa = PBXFileReference; fileEncoding = 4; lastKnownFileType = sourcecode.swift; name = MenuController.swift; path = ../Hama/Archive/SidebarMenu/MenuController.swift; sourceTree = "<group>"; };
		A933EDCA1AEA7A2E00A70FA2 /* PhotoViewController.swift */ = {isa = PBXFileReference; fileEncoding = 4; lastKnownFileType = sourcecode.swift; name = PhotoViewController.swift; path = ../Hama/Archive/SidebarMenu/PhotoViewController.swift; sourceTree = "<group>"; };
		A933EDCB1AEA7A2E00A70FA2 /* ProfileViewController.swift */ = {isa = PBXFileReference; fileEncoding = 4; lastKnownFileType = sourcecode.swift; name = ProfileViewController.swift; path = ../Hama/Archive/SidebarMenu/ProfileViewController.swift; sourceTree = "<group>"; };
		A933EDD01AEA7A3500A70FA2 /* ViewController.swift */ = {isa = PBXFileReference; fileEncoding = 4; lastKnownFileType = sourcecode.swift; name = ViewController.swift; path = ../Hama/Archive/SidebarMenu/ViewController.swift; sourceTree = "<group>"; };
		A933EDD41AEA7A6400A70FA2 /* SWRevealViewController.h */ = {isa = PBXFileReference; fileEncoding = 4; lastKnownFileType = sourcecode.c.h; name = SWRevealViewController.h; path = ../Hama/Archive/SidebarMenu/SWRevealViewController.h; sourceTree = "<group>"; };
		A933EDD51AEA7A6400A70FA2 /* SWRevealViewController.m */ = {isa = PBXFileReference; fileEncoding = 4; lastKnownFileType = sourcecode.c.objc; name = SWRevealViewController.m; path = ../Hama/Archive/SidebarMenu/SWRevealViewController.m; sourceTree = "<group>"; };
		A933EDD71AEA7B5800A70FA2 /* FBBridge.h */ = {isa = PBXFileReference; lastKnownFileType = sourcecode.c.h; path = FBBridge.h; sourceTree = "<group>"; };
		A950D02C1AE7938E00710AAE /* CaTinder.app */ = {isa = PBXFileReference; explicitFileType = wrapper.application; includeInIndex = 0; path = CaTinder.app; sourceTree = BUILT_PRODUCTS_DIR; };
		A950D0301AE7938E00710AAE /* Info.plist */ = {isa = PBXFileReference; lastKnownFileType = text.plist.xml; path = Info.plist; sourceTree = "<group>"; };
		A950D0311AE7938E00710AAE /* AppDelegate.swift */ = {isa = PBXFileReference; lastKnownFileType = sourcecode.swift; path = AppDelegate.swift; sourceTree = "<group>"; };
		A950D0331AE7938E00710AAE /* FirstViewController.swift */ = {isa = PBXFileReference; lastKnownFileType = sourcecode.swift; path = FirstViewController.swift; sourceTree = "<group>"; };
		A950D0351AE7938E00710AAE /* SecondViewController.swift */ = {isa = PBXFileReference; lastKnownFileType = sourcecode.swift; path = SecondViewController.swift; sourceTree = "<group>"; };
		A950D0381AE7938E00710AAE /* Base */ = {isa = PBXFileReference; lastKnownFileType = file.storyboard; name = Base; path = Base.lproj/Main.storyboard; sourceTree = "<group>"; };
		A950D03A1AE7938E00710AAE /* Images.xcassets */ = {isa = PBXFileReference; lastKnownFileType = folder.assetcatalog; path = Images.xcassets; sourceTree = "<group>"; };
		A950D03D1AE7938E00710AAE /* Base */ = {isa = PBXFileReference; lastKnownFileType = file.xib; name = Base; path = Base.lproj/LaunchScreen.xib; sourceTree = "<group>"; };
		A950D0431AE7938F00710AAE /* CaTinderTests.xctest */ = {isa = PBXFileReference; explicitFileType = wrapper.cfbundle; includeInIndex = 0; path = CaTinderTests.xctest; sourceTree = BUILT_PRODUCTS_DIR; };
		A950D0481AE7938F00710AAE /* Info.plist */ = {isa = PBXFileReference; lastKnownFileType = text.plist.xml; path = Info.plist; sourceTree = "<group>"; };
		A950D0491AE7938F00710AAE /* CaTinderTests.swift */ = {isa = PBXFileReference; lastKnownFileType = sourcecode.swift; path = CaTinderTests.swift; sourceTree = "<group>"; };
		A97EFCE81AE8FCB90030582C /* FBSDKCoreKit.framework */ = {isa = PBXFileReference; lastKnownFileType = wrapper.framework; name = FBSDKCoreKit.framework; path = ../../../../Documents/FacebookSDK/FBSDKCoreKit.framework; sourceTree = "<group>"; };
		A97EFCF01AE91D0F0030582C /* FBSDKLoginKit.framework */ = {isa = PBXFileReference; lastKnownFileType = wrapper.framework; name = FBSDKLoginKit.framework; path = ../../../../Documents/FacebookSDK/FBSDKLoginKit.framework; sourceTree = "<group>"; };
/* End PBXFileReference section */

/* Begin PBXFrameworksBuildPhase section */
		A950D0291AE7938E00710AAE /* Frameworks */ = {
			isa = PBXFrameworksBuildPhase;
			buildActionMask = 2147483647;
			files = (
				A97EFCE91AE8FCB90030582C /* FBSDKCoreKit.framework in Frameworks */,
				A97EFCF11AE91D0F0030582C /* FBSDKLoginKit.framework in Frameworks */,
			);
			runOnlyForDeploymentPostprocessing = 0;
		};
		A950D0401AE7938F00710AAE /* Frameworks */ = {
			isa = PBXFrameworksBuildPhase;
			buildActionMask = 2147483647;
			files = (
			);
			runOnlyForDeploymentPostprocessing = 0;
		};
/* End PBXFrameworksBuildPhase section */

/* Begin PBXGroup section */
		A933ED9E1AEA6F1D00A70FA2 /* SidebarMenu */ = {
			isa = PBXGroup;
			children = (
				A933EDD01AEA7A3500A70FA2 /* ViewController.swift */,
				A933EDC81AEA7A2E00A70FA2 /* HomeViewController.swift */,
				A933EDC91AEA7A2E00A70FA2 /* MenuController.swift */,
				A933EDCA1AEA7A2E00A70FA2 /* PhotoViewController.swift */,
				A933EDCB1AEA7A2E00A70FA2 /* ProfileViewController.swift */,
				A933ED9F1AEA6F4600A70FA2 /* back.png */,
				A933EDA01AEA6F4600A70FA2 /* home.png */,
				A933EDA11AEA6F4600A70FA2 /* image.jpg */,
				A933EDA21AEA6F4600A70FA2 /* logo.png */,
				A933EDA31AEA6F4600A70FA2 /* menu.png */,
				A933EDA41AEA6F4600A70FA2 /* profile.png */,
				A933EDA51AEA6F4600A70FA2 /* setting.png */,
			);
			name = SidebarMenu;
			sourceTree = "<group>";
		};
		A933EDD21AEA7A4700A70FA2 /* SWRevealViewController */ = {
			isa = PBXGroup;
			children = (
				A933EDD41AEA7A6400A70FA2 /* SWRevealViewController.h */,
				A933EDD51AEA7A6400A70FA2 /* SWRevealViewController.m */,
			);
			name = SWRevealViewController;
			sourceTree = "<group>";
		};
		A950D0231AE7938E00710AAE = {
			isa = PBXGroup;
			children = (
				A933EDD21AEA7A4700A70FA2 /* SWRevealViewController */,
				A933ED9E1AEA6F1D00A70FA2 /* SidebarMenu */,
				A97EFCF01AE91D0F0030582C /* FBSDKLoginKit.framework */,
				A97EFCE81AE8FCB90030582C /* FBSDKCoreKit.framework */,
				A950D02D1AE7938E00710AAE /* Products */,
				A950D02E1AE7938E00710AAE /* CaTinder */,
				A950D0461AE7938F00710AAE /* CaTinderTests */,
			);
			sourceTree = "<group>";
		};
		A950D02D1AE7938E00710AAE /* Products */ = {
			isa = PBXGroup;
			children = (
				A950D02C1AE7938E00710AAE /* CaTinder.app */,
				A950D0431AE7938F00710AAE /* CaTinderTests.xctest */,
			);
			name = Products;
			sourceTree = "<group>";
		};
		A950D02E1AE7938E00710AAE /* CaTinder */ = {
			isa = PBXGroup;
			children = (
				A950D0371AE7938E00710AAE /* Main.storyboard */,
				A933EDD71AEA7B5800A70FA2 /* FBBridge.h */,
				A950D0311AE7938E00710AAE /* AppDelegate.swift */,
				A950D0331AE7938E00710AAE /* FirstViewController.swift */,
				A950D0351AE7938E00710AAE /* SecondViewController.swift */,
				A950D03A1AE7938E00710AAE /* Images.xcassets */,
				A950D03C1AE7938E00710AAE /* LaunchScreen.xib */,
				A950D02F1AE7938E00710AAE /* Supporting Files */,
			);
			path = CaTinder;
			sourceTree = "<group>";
		};
		A950D02F1AE7938E00710AAE /* Supporting Files */ = {
			isa = PBXGroup;
			children = (
				A950D0301AE7938E00710AAE /* Info.plist */,
			);
			name = "Supporting Files";
			sourceTree = "<group>";
		};
		A950D0461AE7938F00710AAE /* CaTinderTests */ = {
			isa = PBXGroup;
			children = (
				A950D0491AE7938F00710AAE /* CaTinderTests.swift */,
				A950D0471AE7938F00710AAE /* Supporting Files */,
			);
			path = CaTinderTests;
			sourceTree = "<group>";
		};
		A950D0471AE7938F00710AAE /* Supporting Files */ = {
			isa = PBXGroup;
			children = (
				A950D0481AE7938F00710AAE /* Info.plist */,
			);
			name = "Supporting Files";
			sourceTree = "<group>";
		};
/* End PBXGroup section */

/* Begin PBXNativeTarget section */
		A950D02B1AE7938E00710AAE /* CaTinder */ = {
			isa = PBXNativeTarget;
			buildConfigurationList = A950D04D1AE7938F00710AAE /* Build configuration list for PBXNativeTarget "CaTinder" */;
			buildPhases = (
				A950D0281AE7938E00710AAE /* Sources */,
				A950D0291AE7938E00710AAE /* Frameworks */,
				A950D02A1AE7938E00710AAE /* Resources */,
			);
			buildRules = (
			);
			dependencies = (
			);
			name = CaTinder;
			productName = CaTinder;
			productReference = A950D02C1AE7938E00710AAE /* CaTinder.app */;
			productType = "com.apple.product-type.application";
		};
		A950D0421AE7938F00710AAE /* CaTinderTests */ = {
			isa = PBXNativeTarget;
			buildConfigurationList = A950D0501AE7938F00710AAE /* Build configuration list for PBXNativeTarget "CaTinderTests" */;
			buildPhases = (
				A950D03F1AE7938F00710AAE /* Sources */,
				A950D0401AE7938F00710AAE /* Frameworks */,
				A950D0411AE7938F00710AAE /* Resources */,
			);
			buildRules = (
			);
			dependencies = (
				A950D0451AE7938F00710AAE /* PBXTargetDependency */,
			);
			name = CaTinderTests;
			productName = CaTinderTests;
			productReference = A950D0431AE7938F00710AAE /* CaTinderTests.xctest */;
			productType = "com.apple.product-type.bundle.unit-test";
		};
/* End PBXNativeTarget section */

/* Begin PBXProject section */
		A950D0241AE7938E00710AAE /* Project object */ = {
			isa = PBXProject;
			attributes = {
				LastUpgradeCheck = 0630;
				ORGANIZATIONNAME = "tom paolini";
				TargetAttributes = {
					A950D02B1AE7938E00710AAE = {
						CreatedOnToolsVersion = 6.3.1;
					};
					A950D0421AE7938F00710AAE = {
						CreatedOnToolsVersion = 6.3.1;
						TestTargetID = A950D02B1AE7938E00710AAE;
					};
				};
			};
			buildConfigurationList = A950D0271AE7938E00710AAE /* Build configuration list for PBXProject "CaTinder" */;
			compatibilityVersion = "Xcode 3.2";
			developmentRegion = English;
			hasScannedForEncodings = 0;
			knownRegions = (
				en,
				Base,
			);
			mainGroup = A950D0231AE7938E00710AAE;
			productRefGroup = A950D02D1AE7938E00710AAE /* Products */;
			projectDirPath = "";
			projectRoot = "";
			targets = (
				A950D02B1AE7938E00710AAE /* CaTinder */,
				A950D0421AE7938F00710AAE /* CaTinderTests */,
			);
		};
/* End PBXProject section */

/* Begin PBXResourcesBuildPhase section */
		A950D02A1AE7938E00710AAE /* Resources */ = {
			isa = PBXResourcesBuildPhase;
			buildActionMask = 2147483647;
			files = (
				A933EDAA1AEA6F4600A70FA2 /* menu.png in Resources */,
				A933EDA61AEA6F4600A70FA2 /* back.png in Resources */,
				A933EDA71AEA6F4600A70FA2 /* home.png in Resources */,
				A950D0531AE7C2D300710AAE /* Images.xcassets in Resources */,
				A933EDAB1AEA6F4600A70FA2 /* profile.png in Resources */,
				A950D0391AE7938E00710AAE /* Main.storyboard in Resources */,
				A933EDA91AEA6F4600A70FA2 /* logo.png in Resources */,
				A950D03E1AE7938E00710AAE /* LaunchScreen.xib in Resources */,
				A933EDAC1AEA6F4600A70FA2 /* setting.png in Resources */,
				A933EDA81AEA6F4600A70FA2 /* image.jpg in Resources */,
			);
			runOnlyForDeploymentPostprocessing = 0;
		};
		A950D0411AE7938F00710AAE /* Resources */ = {
			isa = PBXResourcesBuildPhase;
			buildActionMask = 2147483647;
			files = (
			);
			runOnlyForDeploymentPostprocessing = 0;
		};
/* End PBXResourcesBuildPhase section */

/* Begin PBXSourcesBuildPhase section */
		A950D0281AE7938E00710AAE /* Sources */ = {
			isa = PBXSourcesBuildPhase;
			buildActionMask = 2147483647;
			files = (
				A933EDCD1AEA7A2E00A70FA2 /* MenuController.swift in Sources */,
				A950D0361AE7938E00710AAE /* SecondViewController.swift in Sources */,
				A950D0321AE7938E00710AAE /* AppDelegate.swift in Sources */,
				A950D0341AE7938E00710AAE /* FirstViewController.swift in Sources */,
				A933EDCF1AEA7A2E00A70FA2 /* ProfileViewController.swift in Sources */,
				A933EDD61AEA7A6400A70FA2 /* SWRevealViewController.m in Sources */,
				A933EDCC1AEA7A2E00A70FA2 /* HomeViewController.swift in Sources */,
				A933EDD11AEA7A3500A70FA2 /* ViewController.swift in Sources */,
				A933EDCE1AEA7A2E00A70FA2 /* PhotoViewController.swift in Sources */,
			);
			runOnlyForDeploymentPostprocessing = 0;
		};
		A950D03F1AE7938F00710AAE /* Sources */ = {
			isa = PBXSourcesBuildPhase;
			buildActionMask = 2147483647;
			files = (
				A950D04A1AE7938F00710AAE /* CaTinderTests.swift in Sources */,
			);
			runOnlyForDeploymentPostprocessing = 0;
		};
/* End PBXSourcesBuildPhase section */

/* Begin PBXTargetDependency section */
		A950D0451AE7938F00710AAE /* PBXTargetDependency */ = {
			isa = PBXTargetDependency;
			target = A950D02B1AE7938E00710AAE /* CaTinder */;
			targetProxy = A950D0441AE7938F00710AAE /* PBXContainerItemProxy */;
		};
/* End PBXTargetDependency section */

/* Begin PBXVariantGroup section */
		A950D0371AE7938E00710AAE /* Main.storyboard */ = {
			isa = PBXVariantGroup;
			children = (
				A950D0381AE7938E00710AAE /* Base */,
			);
			name = Main.storyboard;
			sourceTree = "<group>";
		};
		A950D03C1AE7938E00710AAE /* LaunchScreen.xib */ = {
			isa = PBXVariantGroup;
			children = (
				A950D03D1AE7938E00710AAE /* Base */,
			);
			name = LaunchScreen.xib;
			sourceTree = "<group>";
		};
/* End PBXVariantGroup section */

/* Begin XCBuildConfiguration section */
		A950D04B1AE7938F00710AAE /* Debug */ = {
			isa = XCBuildConfiguration;
			buildSettings = {
				ALWAYS_SEARCH_USER_PATHS = NO;
				CLANG_ALLOW_NON_MODULAR_INCLUDES_IN_FRAMEWORK_MODULES = YES;
				CLANG_CXX_LANGUAGE_STANDARD = "gnu++0x";
				CLANG_CXX_LIBRARY = "libc++";
				CLANG_ENABLE_MODULES = YES;
				CLANG_ENABLE_OBJC_ARC = YES;
				CLANG_WARN_BOOL_CONVERSION = YES;
				CLANG_WARN_CONSTANT_CONVERSION = YES;
				CLANG_WARN_DIRECT_OBJC_ISA_USAGE = YES_ERROR;
				CLANG_WARN_EMPTY_BODY = YES;
				CLANG_WARN_ENUM_CONVERSION = YES;
				CLANG_WARN_INT_CONVERSION = YES;
				CLANG_WARN_OBJC_ROOT_CLASS = YES_ERROR;
				CLANG_WARN_UNREACHABLE_CODE = YES;
				CLANG_WARN__DUPLICATE_METHOD_MATCH = YES;
				"CODE_SIGN_IDENTITY[sdk=iphoneos*]" = "iPhone Developer";
				COPY_PHASE_STRIP = NO;
				DEBUG_INFORMATION_FORMAT = "dwarf-with-dsym";
				ENABLE_STRICT_OBJC_MSGSEND = YES;
				GCC_C_LANGUAGE_STANDARD = gnu99;
				GCC_DYNAMIC_NO_PIC = NO;
				GCC_NO_COMMON_BLOCKS = YES;
				GCC_OPTIMIZATION_LEVEL = 0;
				GCC_PREPROCESSOR_DEFINITIONS = (
					"DEBUG=1",
					"$(inherited)",
				);
				GCC_SYMBOLS_PRIVATE_EXTERN = NO;
				GCC_WARN_64_TO_32_BIT_CONVERSION = YES;
				GCC_WARN_ABOUT_RETURN_TYPE = YES_ERROR;
				GCC_WARN_UNDECLARED_SELECTOR = YES;
				GCC_WARN_UNINITIALIZED_AUTOS = YES_AGGRESSIVE;
				GCC_WARN_UNUSED_FUNCTION = YES;
				GCC_WARN_UNUSED_VARIABLE = YES;
				IPHONEOS_DEPLOYMENT_TARGET = 8.3;
				MTL_ENABLE_DEBUG_INFO = YES;
				ONLY_ACTIVE_ARCH = YES;
				SDKROOT = iphoneos;
				SWIFT_OPTIMIZATION_LEVEL = "-Onone";
			};
			name = Debug;
		};
		A950D04C1AE7938F00710AAE /* Release */ = {
			isa = XCBuildConfiguration;
			buildSettings = {
				ALWAYS_SEARCH_USER_PATHS = NO;
				CLANG_ALLOW_NON_MODULAR_INCLUDES_IN_FRAMEWORK_MODULES = YES;
				CLANG_CXX_LANGUAGE_STANDARD = "gnu++0x";
				CLANG_CXX_LIBRARY = "libc++";
				CLANG_ENABLE_MODULES = YES;
				CLANG_ENABLE_OBJC_ARC = YES;
				CLANG_WARN_BOOL_CONVERSION = YES;
				CLANG_WARN_CONSTANT_CONVERSION = YES;
				CLANG_WARN_DIRECT_OBJC_ISA_USAGE = YES_ERROR;
				CLANG_WARN_EMPTY_BODY = YES;
				CLANG_WARN_ENUM_CONVERSION = YES;
				CLANG_WARN_INT_CONVERSION = YES;
				CLANG_WARN_OBJC_ROOT_CLASS = YES_ERROR;
				CLANG_WARN_UNREACHABLE_CODE = YES;
				CLANG_WARN__DUPLICATE_METHOD_MATCH = YES;
				"CODE_SIGN_IDENTITY[sdk=iphoneos*]" = "iPhone Developer";
				COPY_PHASE_STRIP = NO;
				DEBUG_INFORMATION_FORMAT = "dwarf-with-dsym";
				ENABLE_NS_ASSERTIONS = NO;
				ENABLE_STRICT_OBJC_MSGSEND = YES;
				GCC_C_LANGUAGE_STANDARD = gnu99;
				GCC_NO_COMMON_BLOCKS = YES;
				GCC_WARN_64_TO_32_BIT_CONVERSION = YES;
				GCC_WARN_ABOUT_RETURN_TYPE = YES_ERROR;
				GCC_WARN_UNDECLARED_SELECTOR = YES;
				GCC_WARN_UNINITIALIZED_AUTOS = YES_AGGRESSIVE;
				GCC_WARN_UNUSED_FUNCTION = YES;
				GCC_WARN_UNUSED_VARIABLE = YES;
				IPHONEOS_DEPLOYMENT_TARGET = 8.3;
				MTL_ENABLE_DEBUG_INFO = NO;
				SDKROOT = iphoneos;
				VALIDATE_PRODUCT = YES;
			};
			name = Release;
		};
		A950D04E1AE7938F00710AAE /* Debug */ = {
			isa = XCBuildConfiguration;
			buildSettings = {
				ASSETCATALOG_COMPILER_APPICON_NAME = AppIcon;
				CLANG_ALLOW_NON_MODULAR_INCLUDES_IN_FRAMEWORK_MODULES = YES;
				FRAMEWORK_SEARCH_PATHS = (
					"$(inherited)",
					"$(PROJECT_DIR)",
					"$(PROJECT_DIR)/CaTinderTests",
					/Users/bibounder/Documents/FacebookSDK,
				);
				INFOPLIST_FILE = CaTinder/Info.plist;
				LD_RUNPATH_SEARCH_PATHS = "$(inherited) @executable_path/Frameworks";
				PRODUCT_NAME = "$(TARGET_NAME)";
				SWIFT_OBJC_BRIDGING_HEADER = CaTinder/FBBridge.h;
			};
			name = Debug;
		};
		A950D04F1AE7938F00710AAE /* Release */ = {
			isa = XCBuildConfiguration;
			buildSettings = {
				ASSETCATALOG_COMPILER_APPICON_NAME = AppIcon;
				CLANG_ALLOW_NON_MODULAR_INCLUDES_IN_FRAMEWORK_MODULES = YES;
				FRAMEWORK_SEARCH_PATHS = (
					"$(inherited)",
					"$(PROJECT_DIR)",
					"$(PROJECT_DIR)/CaTinderTests",
					/Users/bibounder/Documents/FacebookSDK,
				);
				INFOPLIST_FILE = CaTinder/Info.plist;
				LD_RUNPATH_SEARCH_PATHS = "$(inherited) @executable_path/Frameworks";
				PRODUCT_NAME = "$(TARGET_NAME)";
				SWIFT_OBJC_BRIDGING_HEADER = CaTinder/FBBridge.h;
			};
			name = Release;
		};
		A950D0511AE7938F00710AAE /* Debug */ = {
			isa = XCBuildConfiguration;
			buildSettings = {
				BUNDLE_LOADER = "$(TEST_HOST)";
				FRAMEWORK_SEARCH_PATHS = (
					"$(SDKROOT)/Developer/Library/Frameworks",
					"$(inherited)",
				);
				GCC_PREPROCESSOR_DEFINITIONS = (
					"DEBUG=1",
					"$(inherited)",
				);
				INFOPLIST_FILE = CaTinderTests/Info.plist;
				LD_RUNPATH_SEARCH_PATHS = "$(inherited) @executable_path/Frameworks @loader_path/Frameworks";
				PRODUCT_NAME = "$(TARGET_NAME)";
				TEST_HOST = "$(BUILT_PRODUCTS_DIR)/CaTinder.app/CaTinder";
			};
			name = Debug;
		};
		A950D0521AE7938F00710AAE /* Release */ = {
			isa = XCBuildConfiguration;
			buildSettings = {
				BUNDLE_LOADER = "$(TEST_HOST)";
				FRAMEWORK_SEARCH_PATHS = (
					"$(SDKROOT)/Developer/Library/Frameworks",
					"$(inherited)",
				);
				INFOPLIST_FILE = CaTinderTests/Info.plist;
				LD_RUNPATH_SEARCH_PATHS = "$(inherited) @executable_path/Frameworks @loader_path/Frameworks";
				PRODUCT_NAME = "$(TARGET_NAME)";
				TEST_HOST = "$(BUILT_PRODUCTS_DIR)/CaTinder.app/CaTinder";
			};
			name = Release;
		};
/* End XCBuildConfiguration section */

/* Begin XCConfigurationList section */
		A950D0271AE7938E00710AAE /* Build configuration list for PBXProject "CaTinder" */ = {
			isa = XCConfigurationList;
			buildConfigurations = (
				A950D04B1AE7938F00710AAE /* Debug */,
				A950D04C1AE7938F00710AAE /* Release */,
			);
			defaultConfigurationIsVisible = 0;
			defaultConfigurationName = Release;
		};
		A950D04D1AE7938F00710AAE /* Build configuration list for PBXNativeTarget "CaTinder" */ = {
			isa = XCConfigurationList;
			buildConfigurations = (
				A950D04E1AE7938F00710AAE /* Debug */,
				A950D04F1AE7938F00710AAE /* Release */,
			);
			defaultConfigurationIsVisible = 0;
			defaultConfigurationName = Release;
		};
		A950D0501AE7938F00710AAE /* Build configuration list for PBXNativeTarget "CaTinderTests" */ = {
			isa = XCConfigurationList;
			buildConfigurations = (
				A950D0511AE7938F00710AAE /* Debug */,
				A950D0521AE7938F00710AAE /* Release */,
			);
			defaultConfigurationIsVisible = 0;
			defaultConfigurationName = Release;
		};
/* End XCConfigurationList section */
	};
	rootObject = A950D0241AE7938E00710AAE /* Project object */;
}
